{
  "version": 4,
  "terraform_version": "1.1.8",
  "serial": 37,
  "lineage": "9ddde30c-137a-8c03-2a93-4e94505012a0",
  "outputs": {},
  "resources": [
    {
      "mode": "managed",
      "type": "aws_egress_only_internet_gateway",
      "name": "egress",
      "provider": "provider[\"registry.terraform.io/hashicorp/aws\"]",
      "instances": [
        {
          "schema_version": 0,
          "attributes": {
            "id": "eigw-0e7e2e5c1b8b232a1",
            "tags": {},
            "tags_all": {},
            "vpc_id": "vpc-03c79163b225ea253"
          },
          "sensitive_attributes": [],
          "private": "bnVsbA==",
          "dependencies": [
            "aws_vpc.vpc-01"
          ]
        }
      ]
    },
    {
      "mode": "managed",
      "type": "aws_eip",
      "name": "nateIP",
      "provider": "provider[\"registry.terraform.io/hashicorp/aws\"]",
      "instances": [
        {
          "schema_version": 0,
          "attributes": {
            "address": null,
            "allocation_id": "eipalloc-09240a0a5be99dd82",
            "associate_with_private_ip": null,
            "association_id": "eipassoc-0ec40f00569f5c8cc",
            "carrier_ip": "",
            "customer_owned_ip": "",
            "customer_owned_ipv4_pool": "",
            "domain": "vpc",
            "id": "eipalloc-09240a0a5be99dd82",
            "instance": "",
            "network_border_group": "eu-west-1",
            "network_interface": "eni-0c602910a06f55ffd",
            "private_dns": "ip-10-0-0-64.eu-west-1.compute.internal",
            "private_ip": "10.0.0.64",
            "public_dns": "ec2-52-19-237-235.eu-west-1.compute.amazonaws.com",
            "public_ip": "52.19.237.235",
            "public_ipv4_pool": "amazon",
            "tags": {},
            "tags_all": {},
            "timeouts": null,
            "vpc": true
          },
          "sensitive_attributes": [],
          "private": "eyJlMmJmYjczMC1lY2FhLTExZTYtOGY4OC0zNDM2M2JjN2M0YzAiOnsiZGVsZXRlIjoxODAwMDAwMDAwMDAsInJlYWQiOjkwMDAwMDAwMDAwMCwidXBkYXRlIjozMDAwMDAwMDAwMDB9fQ=="
        }
      ]
    },
    {
      "mode": "managed",
      "type": "aws_instance",
      "name": "bastian",
      "provider": "provider[\"registry.terraform.io/hashicorp/aws\"]",
      "instances": [
        {
          "schema_version": 1,
          "attributes": {
            "ami": "ami-08ca3fed11864d6bb",
            "arn": "arn:aws:ec2:eu-west-1:905029474260:instance/i-01f0663fdc2e94695",
            "associate_public_ip_address": true,
            "availability_zone": "eu-west-1a",
            "capacity_reservation_specification": [
              {
                "capacity_reservation_preference": "open",
                "capacity_reservation_target": []
              }
            ],
            "cpu_core_count": 1,
            "cpu_threads_per_core": 1,
            "credit_specification": [
              {
                "cpu_credits": "standard"
              }
            ],
            "disable_api_termination": false,
            "ebs_block_device": [],
            "ebs_optimized": false,
            "enclave_options": [
              {
                "enabled": false
              }
            ],
            "ephemeral_block_device": [],
            "get_password_data": false,
            "hibernation": false,
            "host_id": null,
            "iam_instance_profile": "",
            "id": "i-01f0663fdc2e94695",
            "instance_initiated_shutdown_behavior": "stop",
            "instance_state": "running",
            "instance_type": "t2.micro",
            "ipv6_address_count": 0,
            "ipv6_addresses": [],
            "key_name": "key-pair-01",
            "launch_template": [],
            "metadata_options": [
              {
                "http_endpoint": "enabled",
                "http_put_response_hop_limit": 1,
                "http_tokens": "optional",
                "instance_metadata_tags": "disabled"
              }
            ],
            "monitoring": false,
            "network_interface": [
              {
                "delete_on_termination": false,
                "device_index": 0,
                "network_interface_id": "eni-02adec83db32d21ac"
              }
            ],
            "outpost_arn": "",
            "password_data": "",
            "placement_group": "",
            "placement_partition_number": null,
            "primary_network_interface_id": "eni-02adec83db32d21ac",
            "private_dns": "ip-10-0-0-50.eu-west-1.compute.internal",
            "private_ip": "10.0.0.50",
            "public_dns": "",
            "public_ip": "34.245.62.106",
            "root_block_device": [
              {
                "delete_on_termination": true,
                "device_name": "/dev/sda1",
                "encrypted": false,
                "iops": 100,
                "kms_key_id": "",
                "tags": {},
                "throughput": 0,
                "volume_id": "vol-0b73d2ab946f9f232",
                "volume_size": 8,
                "volume_type": "gp2"
              }
            ],
            "secondary_private_ips": [],
            "security_groups": [],
            "source_dest_check": true,
            "subnet_id": "subnet-03e6b6e47c8d762e5",
            "tags": {},
            "tags_all": {},
            "tenancy": "default",
            "timeouts": null,
            "user_data": null,
            "user_data_base64": null,
            "user_data_replace_on_change": false,
            "volume_tags": null,
            "vpc_security_group_ids": [
              "sg-03f3997e73896fef5"
            ]
          },
          "sensitive_attributes": [],
          "private": "eyJlMmJmYjczMC1lY2FhLTExZTYtOGY4OC0zNDM2M2JjN2M0YzAiOnsiY3JlYXRlIjo2MDAwMDAwMDAwMDAsImRlbGV0ZSI6MTIwMDAwMDAwMDAwMCwidXBkYXRlIjo2MDAwMDAwMDAwMDB9LCJzY2hlbWFfdmVyc2lvbiI6IjEifQ==",
          "dependencies": [
            "aws_network_interface.nic",
            "aws_security_group.sgr-ssh",
            "aws_subnet.pub-subnet-01",
            "aws_vpc.vpc-01"
          ]
        }
      ]
    },
    {
      "mode": "managed",
      "type": "aws_instance",
      "name": "ec2",
      "provider": "provider[\"registry.terraform.io/hashicorp/aws\"]",
      "instances": [
        {
          "schema_version": 1,
          "attributes": {
            "ami": "ami-08ca3fed11864d6bb",
            "arn": "arn:aws:ec2:eu-west-1:905029474260:instance/i-06960dba5f8363f93",
            "associate_public_ip_address": false,
            "availability_zone": "eu-west-1a",
            "capacity_reservation_specification": [
              {
                "capacity_reservation_preference": "open",
                "capacity_reservation_target": []
              }
            ],
            "cpu_core_count": 1,
            "cpu_threads_per_core": 1,
            "credit_specification": [
              {
                "cpu_credits": "standard"
              }
            ],
            "disable_api_termination": false,
            "ebs_block_device": [],
            "ebs_optimized": false,
            "enclave_options": [
              {
                "enabled": false
              }
            ],
            "ephemeral_block_device": [],
            "get_password_data": false,
            "hibernation": false,
            "host_id": null,
            "iam_instance_profile": "",
            "id": "i-06960dba5f8363f93",
            "instance_initiated_shutdown_behavior": "stop",
            "instance_state": "running",
            "instance_type": "t2.micro",
            "ipv6_address_count": 0,
            "ipv6_addresses": [],
            "key_name": "key-pair-01",
            "launch_template": [],
            "metadata_options": [
              {
                "http_endpoint": "enabled",
                "http_put_response_hop_limit": 1,
                "http_tokens": "optional",
                "instance_metadata_tags": "disabled"
              }
            ],
            "monitoring": false,
            "network_interface": [
              {
                "delete_on_termination": false,
                "device_index": 0,
                "network_interface_id": "eni-0690bf56e46335e5e"
              }
            ],
            "outpost_arn": "",
            "password_data": "",
            "placement_group": "",
            "placement_partition_number": null,
            "primary_network_interface_id": "eni-0690bf56e46335e5e",
            "private_dns": "ip-10-0-1-20.eu-west-1.compute.internal",
            "private_ip": "10.0.1.20",
            "public_dns": "",
            "public_ip": "",
            "root_block_device": [
              {
                "delete_on_termination": true,
                "device_name": "/dev/sda1",
                "encrypted": false,
                "iops": 100,
                "kms_key_id": "",
                "tags": {},
                "throughput": 0,
                "volume_id": "vol-0b9b640926cfc2aa0",
                "volume_size": 8,
                "volume_type": "gp2"
              }
            ],
            "secondary_private_ips": [],
            "security_groups": [],
            "source_dest_check": true,
            "subnet_id": "subnet-07ca91a6d1fd93f03",
            "tags": {},
            "tags_all": {},
            "tenancy": "default",
            "timeouts": null,
            "user_data": null,
            "user_data_base64": null,
            "user_data_replace_on_change": false,
            "volume_tags": null,
            "vpc_security_group_ids": [
              "sg-04be57d33622c662e"
            ]
          },
          "sensitive_attributes": [],
          "private": "eyJlMmJmYjczMC1lY2FhLTExZTYtOGY4OC0zNDM2M2JjN2M0YzAiOnsiY3JlYXRlIjo2MDAwMDAwMDAwMDAsImRlbGV0ZSI6MTIwMDAwMDAwMDAwMCwidXBkYXRlIjo2MDAwMDAwMDAwMDB9LCJzY2hlbWFfdmVyc2lvbiI6IjEifQ==",
          "dependencies": [
            "aws_network_interface.nic-ec2",
            "aws_security_group.sgr-ssh-8000",
            "aws_subnet.private-subnet-01",
            "aws_vpc.vpc-01"
          ]
        }
      ]
    },
    {
      "mode": "managed",
      "type": "aws_internet_gateway",
      "name": "igw-01",
      "provider": "provider[\"registry.terraform.io/hashicorp/aws\"]",
      "instances": [
        {
          "schema_version": 0,
          "attributes": {
            "arn": "arn:aws:ec2:eu-west-1:905029474260:internet-gateway/igw-0aa1dfbca29d6e0c6",
            "id": "igw-0aa1dfbca29d6e0c6",
            "owner_id": "905029474260",
            "tags": {
              "Name": "igw-01"
            },
            "tags_all": {
              "Name": "igw-01"
            },
            "vpc_id": "vpc-03c79163b225ea253"
          },
          "sensitive_attributes": [],
          "private": "bnVsbA==",
          "dependencies": [
            "aws_vpc.vpc-01"
          ]
        }
      ]
    },
    {
      "mode": "managed",
      "type": "aws_key_pair",
      "name": "public_key",
      "provider": "provider[\"registry.terraform.io/hashicorp/aws\"]",
      "instances": [
        {
          "schema_version": 1,
          "attributes": {
            "arn": "arn:aws:ec2:eu-west-1:905029474260:key-pair/key-pair-01",
            "fingerprint": "e8:9f:05:e4:8c:ef:69:4d:27:55:ce:a7:12:f0:8c:2d",
            "id": "key-pair-01",
            "key_name": "key-pair-01",
            "key_name_prefix": "",
            "key_pair_id": "key-01f7627fc817d1c87",
            "public_key": "ssh-rsa AAAAB3NzaC1yc2EAAAADAQABAAACAQC++MRdXC0Yix8pKUjLDcHXkSIJ2I5FXTkv+NZbuWWTwe3sT9+oG6YqKEurymccWMMKkKRbS4E8YNsC08Wvdc4HB2WzticFGDfRa0WZ0T8u0p+DffBKB1cpSnPnGZMi8GAMKtD8u+46fCNjosIeqnTi050sZ/T8EWm8qfBaG2QXAD9EB9a6kL3PP1JHHn8ghNNj2rj/BFZRz1gFszwd3VE4e7ZWSlMNnFMVeNj8IrP52zn5kbBbXDQz1xlgnBHOS64VfDZ16YdSqIweL6abQ0Yus5jZF2GQC6FPG7Z6/f5L2BIeZ1N90gfB+TBYcRA0nwmZ6ksPCbGBY6wUyOYV7QHkG2YBUiTsk65XcroCGTSenwnh4ps6/z+tvouJpKDQ7AYWI3VvXkV8nbTqg1pc7ZAznZL4v0MepTkpboOJL7u5x0IDMF87cXC0r3qwcWMRHVjlzW/59qDGxBn4aHae+Qo7ZzZtBiXZv3gBr3YLYXy+0xTdRif5guCUuAgKN5FSIlQP1vHSE4kfqw9SDjfRRF9LrSp1GYjCGc9+Fu8Sc3644Us0OKvVUsPH/K2IJFzBINB82X3Lrpjgqb6UegSR8uUIigRUmnM/ICXcn37eg6udIQ42ldQtTaXSJnXxwTONLGXUqEtTQV4IlOWFmFkrcAV1dJkV+386FBafmZkFk4EApQ==",
            "tags": {},
            "tags_all": {}
          },
          "sensitive_attributes": [],
          "private": "eyJzY2hlbWFfdmVyc2lvbiI6IjEifQ==",
          "dependencies": [
            "tls_private_key.private_key"
          ]
        }
      ]
    },
    {
      "mode": "managed",
      "type": "aws_nat_gateway",
      "name": "nat-gw",
      "provider": "provider[\"registry.terraform.io/hashicorp/aws\"]",
      "instances": [
        {
          "schema_version": 0,
          "attributes": {
            "allocation_id": "eipalloc-09240a0a5be99dd82",
            "connectivity_type": "public",
            "id": "nat-0c9e247b92ce234be",
            "network_interface_id": "eni-0c602910a06f55ffd",
            "private_ip": "10.0.0.64",
            "public_ip": "52.19.237.235",
            "subnet_id": "subnet-03e6b6e47c8d762e5",
            "tags": {
              "Name": "nat-gw"
            },
            "tags_all": {
              "Name": "nat-gw"
            }
          },
          "sensitive_attributes": [],
          "private": "bnVsbA==",
          "dependencies": [
            "aws_eip.nateIP",
            "aws_internet_gateway.igw-01",
            "aws_subnet.pub-subnet-01",
            "aws_vpc.vpc-01"
          ]
        }
      ]
    },
    {
      "mode": "managed",
      "type": "aws_network_interface",
      "name": "nic",
      "provider": "provider[\"registry.terraform.io/hashicorp/aws\"]",
      "instances": [
        {
          "schema_version": 0,
          "attributes": {
            "arn": "arn:aws:ec2:eu-west-1:905029474260:network-interface/eni-02adec83db32d21ac",
            "attachment": [
              {
                "attachment_id": "eni-attach-00db93c11cfd63741",
                "device_index": 0,
                "instance": "i-01f0663fdc2e94695"
              }
            ],
            "description": "",
            "id": "eni-02adec83db32d21ac",
            "interface_type": "interface",
            "ipv4_prefix_count": 0,
            "ipv4_prefixes": [],
            "ipv6_address_count": 0,
            "ipv6_address_list": [],
            "ipv6_address_list_enabled": false,
            "ipv6_addresses": [],
            "ipv6_prefix_count": 0,
            "ipv6_prefixes": [],
            "mac_address": "0a:99:c2:4d:a7:8d",
            "outpost_arn": "",
            "owner_id": "905029474260",
            "private_dns_name": "",
            "private_ip": "10.0.0.50",
            "private_ip_list": [
              "10.0.0.50"
            ],
            "private_ip_list_enabled": false,
            "private_ips": [
              "10.0.0.50"
            ],
            "private_ips_count": 0,
            "security_groups": [
              "sg-03f3997e73896fef5"
            ],
            "source_dest_check": true,
            "subnet_id": "subnet-03e6b6e47c8d762e5",
            "tags": {},
            "tags_all": {}
          },
          "sensitive_attributes": [],
          "private": "bnVsbA==",
          "dependencies": [
            "aws_security_group.sgr-ssh",
            "aws_subnet.pub-subnet-01",
            "aws_vpc.vpc-01"
          ]
        }
      ]
    },
    {
      "mode": "managed",
      "type": "aws_network_interface",
      "name": "nic-ec2",
      "provider": "provider[\"registry.terraform.io/hashicorp/aws\"]",
      "instances": [
        {
          "schema_version": 0,
          "attributes": {
            "arn": "arn:aws:ec2:eu-west-1:905029474260:network-interface/eni-0690bf56e46335e5e",
            "attachment": [
              {
                "attachment_id": "eni-attach-09d0882ee62b7862c",
                "device_index": 0,
                "instance": "i-06960dba5f8363f93"
              }
            ],
            "description": "",
            "id": "eni-0690bf56e46335e5e",
            "interface_type": "interface",
            "ipv4_prefix_count": 0,
            "ipv4_prefixes": [],
            "ipv6_address_count": 0,
            "ipv6_address_list": [],
            "ipv6_address_list_enabled": false,
            "ipv6_addresses": [],
            "ipv6_prefix_count": 0,
            "ipv6_prefixes": [],
            "mac_address": "0a:45:40:7a:63:09",
            "outpost_arn": "",
            "owner_id": "905029474260",
            "private_dns_name": "",
            "private_ip": "10.0.1.20",
            "private_ip_list": [
              "10.0.1.20"
            ],
            "private_ip_list_enabled": false,
            "private_ips": [
              "10.0.1.20"
            ],
            "private_ips_count": 0,
            "security_groups": [
              "sg-04be57d33622c662e"
            ],
            "source_dest_check": true,
            "subnet_id": "subnet-07ca91a6d1fd93f03",
            "tags": {},
            "tags_all": {}
          },
          "sensitive_attributes": [],
          "private": "bnVsbA==",
          "dependencies": [
            "aws_security_group.sgr-ssh-8000",
            "aws_subnet.private-subnet-01",
            "aws_vpc.vpc-01"
          ]
        }
      ]
    },
    {
      "mode": "managed",
      "type": "aws_route_table",
      "name": "route-01",
      "provider": "provider[\"registry.terraform.io/hashicorp/aws\"]",
      "instances": [
        {
          "schema_version": 0,
          "attributes": {
            "arn": "arn:aws:ec2:eu-west-1:905029474260:route-table/rtb-0af97fb0e2ba7cd7a",
            "id": "rtb-0af97fb0e2ba7cd7a",
            "owner_id": "905029474260",
            "propagating_vgws": [],
            "route": [
              {
                "carrier_gateway_id": "",
                "cidr_block": "",
                "core_network_arn": "",
                "destination_prefix_list_id": "",
                "egress_only_gateway_id": "eigw-0e7e2e5c1b8b232a1",
                "gateway_id": "",
                "instance_id": "",
                "ipv6_cidr_block": "::/0",
                "local_gateway_id": "",
                "nat_gateway_id": "",
                "network_interface_id": "",
                "transit_gateway_id": "",
                "vpc_endpoint_id": "",
                "vpc_peering_connection_id": ""
              },
              {
                "carrier_gateway_id": "",
                "cidr_block": "0.0.0.0/0",
                "core_network_arn": "",
                "destination_prefix_list_id": "",
                "egress_only_gateway_id": "",
                "gateway_id": "igw-0aa1dfbca29d6e0c6",
                "instance_id": "",
                "ipv6_cidr_block": "",
                "local_gateway_id": "",
                "nat_gateway_id": "",
                "network_interface_id": "",
                "transit_gateway_id": "",
                "vpc_endpoint_id": "",
                "vpc_peering_connection_id": ""
              }
            ],
            "tags": {
              "Name": "route-01"
            },
            "tags_all": {
              "Name": "route-01"
            },
            "timeouts": null,
            "vpc_id": "vpc-03c79163b225ea253"
          },
          "sensitive_attributes": [],
          "private": "eyJlMmJmYjczMC1lY2FhLTExZTYtOGY4OC0zNDM2M2JjN2M0YzAiOnsiY3JlYXRlIjozMDAwMDAwMDAwMDAsImRlbGV0ZSI6MzAwMDAwMDAwMDAwLCJ1cGRhdGUiOjEyMDAwMDAwMDAwMH19",
          "dependencies": [
            "aws_egress_only_internet_gateway.egress",
            "aws_internet_gateway.igw-01",
            "aws_vpc.vpc-01"
          ]
        }
      ]
    },
    {
      "mode": "managed",
      "type": "aws_route_table",
      "name": "route-02",
      "provider": "provider[\"registry.terraform.io/hashicorp/aws\"]",
      "instances": [
        {
          "schema_version": 0,
          "attributes": {
            "arn": "arn:aws:ec2:eu-west-1:905029474260:route-table/rtb-074c8b70729d5069f",
            "id": "rtb-074c8b70729d5069f",
            "owner_id": "905029474260",
            "propagating_vgws": [],
            "route": [
              {
                "carrier_gateway_id": "",
                "cidr_block": "",
                "core_network_arn": "",
                "destination_prefix_list_id": "",
                "egress_only_gateway_id": "eigw-0e7e2e5c1b8b232a1",
                "gateway_id": "",
                "instance_id": "",
                "ipv6_cidr_block": "::/0",
                "local_gateway_id": "",
                "nat_gateway_id": "",
                "network_interface_id": "",
                "transit_gateway_id": "",
                "vpc_endpoint_id": "",
                "vpc_peering_connection_id": ""
              }
            ],
            "tags": {
              "Name": "route-02"
            },
            "tags_all": {
              "Name": "route-02"
            },
            "timeouts": null,
            "vpc_id": "vpc-03c79163b225ea253"
          },
          "sensitive_attributes": [],
          "private": "eyJlMmJmYjczMC1lY2FhLTExZTYtOGY4OC0zNDM2M2JjN2M0YzAiOnsiY3JlYXRlIjozMDAwMDAwMDAwMDAsImRlbGV0ZSI6MzAwMDAwMDAwMDAwLCJ1cGRhdGUiOjEyMDAwMDAwMDAwMH19",
          "dependencies": [
            "aws_egress_only_internet_gateway.egress",
            "aws_vpc.vpc-01"
          ]
        }
      ]
    },
    {
      "mode": "managed",
      "type": "aws_route_table_association",
      "name": "a",
      "provider": "provider[\"registry.terraform.io/hashicorp/aws\"]",
      "instances": [
        {
          "schema_version": 0,
          "attributes": {
            "gateway_id": "",
            "id": "rtbassoc-0d0ce2f906ecf9724",
            "route_table_id": "rtb-0af97fb0e2ba7cd7a",
            "subnet_id": "subnet-03e6b6e47c8d762e5"
          },
          "sensitive_attributes": [],
          "private": "bnVsbA==",
          "dependencies": [
            "aws_egress_only_internet_gateway.egress",
            "aws_internet_gateway.igw-01",
            "aws_route_table.route-01",
            "aws_subnet.pub-subnet-01",
            "aws_vpc.vpc-01"
          ]
        }
      ]
    },
    {
      "mode": "managed",
      "type": "aws_route_table_association",
      "name": "b",
      "provider": "provider[\"registry.terraform.io/hashicorp/aws\"]",
      "instances": [
        {
          "schema_version": 0,
          "attributes": {
            "gateway_id": "",
            "id": "rtbassoc-08802eccf098edd83",
            "route_table_id": "rtb-0af97fb0e2ba7cd7a",
            "subnet_id": "subnet-0a4a1e2677b437e5e"
          },
          "sensitive_attributes": [],
          "private": "bnVsbA==",
          "dependencies": [
            "aws_egress_only_internet_gateway.egress",
            "aws_internet_gateway.igw-01",
            "aws_route_table.route-01",
            "aws_subnet.pub-subnet-02",
            "aws_vpc.vpc-01"
          ]
        }
      ]
    },
    {
      "mode": "managed",
      "type": "aws_route_table_association",
      "name": "pb",
      "provider": "provider[\"registry.terraform.io/hashicorp/aws\"]",
      "instances": [
        {
          "schema_version": 0,
          "attributes": {
            "gateway_id": "",
            "id": "rtbassoc-052f0124f9d8725ef",
            "route_table_id": "rtb-074c8b70729d5069f",
            "subnet_id": "subnet-07ca91a6d1fd93f03"
          },
          "sensitive_attributes": [],
          "private": "bnVsbA==",
          "dependencies": [
            "aws_egress_only_internet_gateway.egress",
            "aws_route_table.route-02",
            "aws_subnet.private-subnet-01",
            "aws_vpc.vpc-01"
          ]
        }
      ]
    },
    {
      "mode": "managed",
      "type": "aws_security_group",
      "name": "sgr-ssh",
      "provider": "provider[\"registry.terraform.io/hashicorp/aws\"]",
      "instances": [
        {
          "schema_version": 1,
          "attributes": {
            "arn": "arn:aws:ec2:eu-west-1:905029474260:security-group/sg-03f3997e73896fef5",
            "description": "Allow ssh inbound traffic",
            "egress": [
              {
                "cidr_blocks": [
                  "0.0.0.0/0"
                ],
                "description": "",
                "from_port": 22,
                "ipv6_cidr_blocks": [
                  "::/0"
                ],
                "prefix_list_ids": [],
                "protocol": "tcp",
                "security_groups": [],
                "self": false,
                "to_port": 22
              }
            ],
            "id": "sg-03f3997e73896fef5",
            "ingress": [
              {
                "cidr_blocks": [
                  "0.0.0.0/0"
                ],
                "description": "ssh from VPC",
                "from_port": 22,
                "ipv6_cidr_blocks": [
                  "::/0"
                ],
                "prefix_list_ids": [],
                "protocol": "tcp",
                "security_groups": [],
                "self": false,
                "to_port": 22
              }
            ],
            "name": "allow_ssh_for_all",
            "name_prefix": "",
            "owner_id": "905029474260",
            "revoke_rules_on_delete": false,
            "tags": {
              "Name": "sgr-ssh"
            },
            "tags_all": {
              "Name": "sgr-ssh"
            },
            "timeouts": null,
            "vpc_id": "vpc-03c79163b225ea253"
          },
          "sensitive_attributes": [],
          "private": "eyJlMmJmYjczMC1lY2FhLTExZTYtOGY4OC0zNDM2M2JjN2M0YzAiOnsiY3JlYXRlIjo2MDAwMDAwMDAwMDAsImRlbGV0ZSI6OTAwMDAwMDAwMDAwfSwic2NoZW1hX3ZlcnNpb24iOiIxIn0=",
          "dependencies": [
            "aws_vpc.vpc-01"
          ]
        }
      ]
    },
    {
      "mode": "managed",
      "type": "aws_security_group",
      "name": "sgr-ssh-8000",
      "provider": "provider[\"registry.terraform.io/hashicorp/aws\"]",
      "instances": [
        {
          "schema_version": 1,
          "attributes": {
            "arn": "arn:aws:ec2:eu-west-1:905029474260:security-group/sg-04be57d33622c662e",
            "description": "Allow ssh inbound traffic",
            "egress": [
              {
                "cidr_blocks": [
                  "10.0.0.0/16"
                ],
                "description": "",
                "from_port": 8000,
                "ipv6_cidr_blocks": [],
                "prefix_list_ids": [],
                "protocol": "tcp",
                "security_groups": [],
                "self": false,
                "to_port": 8000
              }
            ],
            "id": "sg-04be57d33622c662e",
            "ingress": [
              {
                "cidr_blocks": [
                  "10.0.0.0/16"
                ],
                "description": "ssh from VPC",
                "from_port": 22,
                "ipv6_cidr_blocks": [],
                "prefix_list_ids": [],
                "protocol": "tcp",
                "security_groups": [],
                "self": false,
                "to_port": 22
              }
            ],
            "name": "allow_ssh",
            "name_prefix": "",
            "owner_id": "905029474260",
            "revoke_rules_on_delete": false,
            "tags": {
              "Name": "sgr-ssh-8000"
            },
            "tags_all": {
              "Name": "sgr-ssh-8000"
            },
            "timeouts": null,
            "vpc_id": "vpc-03c79163b225ea253"
          },
          "sensitive_attributes": [],
          "private": "eyJlMmJmYjczMC1lY2FhLTExZTYtOGY4OC0zNDM2M2JjN2M0YzAiOnsiY3JlYXRlIjo2MDAwMDAwMDAwMDAsImRlbGV0ZSI6OTAwMDAwMDAwMDAwfSwic2NoZW1hX3ZlcnNpb24iOiIxIn0=",
          "dependencies": [
            "aws_vpc.vpc-01"
          ]
        }
      ]
    },
    {
      "mode": "managed",
      "type": "aws_subnet",
      "name": "private-subnet-01",
      "provider": "provider[\"registry.terraform.io/hashicorp/aws\"]",
      "instances": [
        {
          "schema_version": 1,
          "attributes": {
            "arn": "arn:aws:ec2:eu-west-1:905029474260:subnet/subnet-07ca91a6d1fd93f03",
            "assign_ipv6_address_on_creation": false,
            "availability_zone": "eu-west-1a",
            "availability_zone_id": "euw1-az3",
            "cidr_block": "10.0.1.0/24",
            "customer_owned_ipv4_pool": "",
            "enable_dns64": false,
            "enable_resource_name_dns_a_record_on_launch": false,
            "enable_resource_name_dns_aaaa_record_on_launch": false,
            "id": "subnet-07ca91a6d1fd93f03",
            "ipv6_cidr_block": "",
            "ipv6_cidr_block_association_id": "",
            "ipv6_native": false,
            "map_customer_owned_ip_on_launch": false,
            "map_public_ip_on_launch": false,
            "outpost_arn": "",
            "owner_id": "905029474260",
            "private_dns_hostname_type_on_launch": "ip-name",
            "tags": {
              "Name": "pub-subnet-01"
            },
            "tags_all": {
              "Name": "pub-subnet-01"
            },
            "timeouts": null,
            "vpc_id": "vpc-03c79163b225ea253"
          },
          "sensitive_attributes": [],
          "private": "eyJlMmJmYjczMC1lY2FhLTExZTYtOGY4OC0zNDM2M2JjN2M0YzAiOnsiY3JlYXRlIjo2MDAwMDAwMDAwMDAsImRlbGV0ZSI6MTIwMDAwMDAwMDAwMH0sInNjaGVtYV92ZXJzaW9uIjoiMSJ9",
          "dependencies": [
            "aws_vpc.vpc-01"
          ]
        }
      ]
    },
    {
      "mode": "managed",
      "type": "aws_subnet",
      "name": "private-subnet-02",
      "provider": "provider[\"registry.terraform.io/hashicorp/aws\"]",
      "instances": [
        {
          "schema_version": 1,
          "attributes": {
            "arn": "arn:aws:ec2:eu-west-1:905029474260:subnet/subnet-046415158d00da45d",
            "assign_ipv6_address_on_creation": false,
            "availability_zone": "eu-west-1b",
            "availability_zone_id": "euw1-az1",
            "cidr_block": "10.0.3.0/24",
            "customer_owned_ipv4_pool": "",
            "enable_dns64": false,
            "enable_resource_name_dns_a_record_on_launch": false,
            "enable_resource_name_dns_aaaa_record_on_launch": false,
            "id": "subnet-046415158d00da45d",
            "ipv6_cidr_block": "",
            "ipv6_cidr_block_association_id": "",
            "ipv6_native": false,
            "map_customer_owned_ip_on_launch": false,
            "map_public_ip_on_launch": false,
            "outpost_arn": "",
            "owner_id": "905029474260",
            "private_dns_hostname_type_on_launch": "ip-name",
            "tags": {
              "Name": "pub-subnet-02"
            },
            "tags_all": {
              "Name": "pub-subnet-02"
            },
            "timeouts": null,
            "vpc_id": "vpc-03c79163b225ea253"
          },
          "sensitive_attributes": [],
          "private": "eyJlMmJmYjczMC1lY2FhLTExZTYtOGY4OC0zNDM2M2JjN2M0YzAiOnsiY3JlYXRlIjo2MDAwMDAwMDAwMDAsImRlbGV0ZSI6MTIwMDAwMDAwMDAwMH0sInNjaGVtYV92ZXJzaW9uIjoiMSJ9",
          "dependencies": [
            "aws_vpc.vpc-01"
          ]
        }
      ]
    },
    {
      "mode": "managed",
      "type": "aws_subnet",
      "name": "pub-subnet-01",
      "provider": "provider[\"registry.terraform.io/hashicorp/aws\"]",
      "instances": [
        {
          "schema_version": 1,
          "attributes": {
            "arn": "arn:aws:ec2:eu-west-1:905029474260:subnet/subnet-03e6b6e47c8d762e5",
            "assign_ipv6_address_on_creation": false,
            "availability_zone": "eu-west-1a",
            "availability_zone_id": "euw1-az3",
            "cidr_block": "10.0.0.0/24",
            "customer_owned_ipv4_pool": "",
            "enable_dns64": false,
            "enable_resource_name_dns_a_record_on_launch": false,
            "enable_resource_name_dns_aaaa_record_on_launch": false,
            "id": "subnet-03e6b6e47c8d762e5",
            "ipv6_cidr_block": "",
            "ipv6_cidr_block_association_id": "",
            "ipv6_native": false,
            "map_customer_owned_ip_on_launch": false,
            "map_public_ip_on_launch": true,
            "outpost_arn": "",
            "owner_id": "905029474260",
            "private_dns_hostname_type_on_launch": "ip-name",
            "tags": {
              "Name": "pub-subnet-01"
            },
            "tags_all": {
              "Name": "pub-subnet-01"
            },
            "timeouts": null,
            "vpc_id": "vpc-03c79163b225ea253"
          },
          "sensitive_attributes": [],
          "private": "eyJlMmJmYjczMC1lY2FhLTExZTYtOGY4OC0zNDM2M2JjN2M0YzAiOnsiY3JlYXRlIjo2MDAwMDAwMDAwMDAsImRlbGV0ZSI6MTIwMDAwMDAwMDAwMH0sInNjaGVtYV92ZXJzaW9uIjoiMSJ9",
          "dependencies": [
            "aws_vpc.vpc-01"
          ]
        }
      ]
    },
    {
      "mode": "managed",
      "type": "aws_subnet",
      "name": "pub-subnet-02",
      "provider": "provider[\"registry.terraform.io/hashicorp/aws\"]",
      "instances": [
        {
          "schema_version": 1,
          "attributes": {
            "arn": "arn:aws:ec2:eu-west-1:905029474260:subnet/subnet-0a4a1e2677b437e5e",
            "assign_ipv6_address_on_creation": false,
            "availability_zone": "eu-west-1b",
            "availability_zone_id": "euw1-az1",
            "cidr_block": "10.0.2.0/24",
            "customer_owned_ipv4_pool": "",
            "enable_dns64": false,
            "enable_resource_name_dns_a_record_on_launch": false,
            "enable_resource_name_dns_aaaa_record_on_launch": false,
            "id": "subnet-0a4a1e2677b437e5e",
            "ipv6_cidr_block": "",
            "ipv6_cidr_block_association_id": "",
            "ipv6_native": false,
            "map_customer_owned_ip_on_launch": false,
            "map_public_ip_on_launch": true,
            "outpost_arn": "",
            "owner_id": "905029474260",
            "private_dns_hostname_type_on_launch": "ip-name",
            "tags": {
              "Name": "pub-subnet-02"
            },
            "tags_all": {
              "Name": "pub-subnet-02"
            },
            "timeouts": null,
            "vpc_id": "vpc-03c79163b225ea253"
          },
          "sensitive_attributes": [],
          "private": "eyJlMmJmYjczMC1lY2FhLTExZTYtOGY4OC0zNDM2M2JjN2M0YzAiOnsiY3JlYXRlIjo2MDAwMDAwMDAwMDAsImRlbGV0ZSI6MTIwMDAwMDAwMDAwMH0sInNjaGVtYV92ZXJzaW9uIjoiMSJ9",
          "dependencies": [
            "aws_vpc.vpc-01"
          ]
        }
      ]
    },
    {
      "mode": "managed",
      "type": "aws_vpc",
      "name": "vpc-01",
      "provider": "provider[\"registry.terraform.io/hashicorp/aws\"]",
      "instances": [
        {
          "schema_version": 1,
          "attributes": {
            "arn": "arn:aws:ec2:eu-west-1:905029474260:vpc/vpc-03c79163b225ea253",
            "assign_generated_ipv6_cidr_block": false,
            "cidr_block": "10.0.0.0/16",
            "default_network_acl_id": "acl-088a569385588b0fb",
            "default_route_table_id": "rtb-0ade274f62c4cf9ea",
            "default_security_group_id": "sg-052d6fe8f950fb72d",
            "dhcp_options_id": "dopt-0d531b6bd7b188cce",
            "enable_classiclink": false,
            "enable_classiclink_dns_support": false,
            "enable_dns_hostnames": false,
            "enable_dns_support": true,
            "id": "vpc-03c79163b225ea253",
            "instance_tenancy": "default",
            "ipv4_ipam_pool_id": null,
            "ipv4_netmask_length": null,
            "ipv6_association_id": "",
            "ipv6_cidr_block": "",
            "ipv6_cidr_block_network_border_group": "",
            "ipv6_ipam_pool_id": "",
            "ipv6_netmask_length": 0,
            "main_route_table_id": "rtb-0ade274f62c4cf9ea",
            "owner_id": "905029474260",
            "tags": {
              "Name": "vpc-01"
            },
            "tags_all": {
              "Name": "vpc-01"
            }
          },
          "sensitive_attributes": [],
          "private": "eyJzY2hlbWFfdmVyc2lvbiI6IjEifQ=="
        }
      ]
    },
    {
      "mode": "managed",
      "type": "local_file",
      "name": "private_key",
      "provider": "provider[\"registry.terraform.io/hashicorp/local\"]",
      "instances": [
        {
          "schema_version": 0,
          "attributes": {
            "content": "-----BEGIN RSA PRIVATE KEY-----\nMIIJKQIBAAKCAgEAvvjEXVwtGIsfKSlIyw3B15EiCdiORV05L/jWW7llk8Ht7E/f\nqBumKihLq8pnHFjDCpCkW0uBPGDbAtPFr3XOBwdls7YnBRg30WtFmdE/LtKfg33w\nSgdXKUpz5xmTIvBgDCrQ/LvuOnwjY6LCHqp04tOdLGf0/BFpvKnwWhtkFwA/RAfW\nupC9zz9SRx5/IITTY9q4/wRWUc9YBbM8Hd1ROHu2VkpTDZxTFXjY/CKz+ds5+ZGw\nW1w0M9cZYJwRzkuuFXw2demHUqiMHi+mm0NGLrOY2RdhkAuhTxu2ev3+S9gSHmdT\nfdIHwfkwWHEQNJ8JmepLDwmxgWOsFMjmFe0B5BtmAVIk7JOuV3K6Ahk0np8J4eKb\nOv8/rb6LiaSg0OwGFiN1b15FfJ206oNaXO2QM52S+L9DHqU5KW6DiS+7ucdCAzBf\nO3FwtK96sHFjER1Y5c1v+fagxsQZ+Gh2nvkKO2c2bQYl2b94Aa92C2F8vtMU3UYn\n+YLglLgICjeRUiJUD9bx0hOJH6sPUg430URfS60qdRmIwhnPfhbvEnN+uOFLNDir\n1VLDx/ytiCRcwSDQfNl9y66Y4Km+lHoEkfLlCIoEVJpzPyAl3J9+3oOrnSEONpXU\nLU2l0iZ18cEzjSxl1KhLU0FeCJTlhZhZK3AFdXSZFft/OhQWn5mZBZOBAKUCAwEA\nAQKCAgAVaWb64L7dpZuUzeAvhBdbyBX87J7nABDNZCUEm8Db1D6M5Fe7TX5P87yo\nQkVVVE5p/NWwtsKCtolXw87CYX78IsQwZhfx5kk73b8sA94Fre/cml46rqADLSnZ\nm3B31mOueY59B8UqIYkGPtVtAsegNwHEXNOG/5zPXm5oa/HI8molgot814WwmvTq\nrGyshLf+1iMv1JipC4pe+T2gS5QztQs4mZS+Teyy153chzeOqBnT9ZXEaI4h0dgy\nkM0eSDX4irjAd7KIfgVXzRftCJnx2okkrg5uTB+F8yF+oMPGVS+S4RrnXIkqInpd\nMDAU9k/pRe+se/W/ACHnIq9Jfg1cCF1bmcoxEeQz9MP88TozHmAKLL1iK5d45hNi\npgZZZGl9/mIcQajOBNoqOzpD/NTWSK/M1h++nub+EveBuG8oapI4/ki9K/tOgF1j\nhNg5OdXERwrZi6FC2Opg6GgpkvNaVNNdAFRXoNKmL8g1OABQWdGQxOYtEszZ4liS\nwTEL5iR9bpy/QYLcoWti9UMC0qFD67BGxhRLNrKbE7KyX4QUg2xA+1ZdDKZVvAOY\nOY5IiJZEVL6QpfbMjalw+/1n8RZvRN7tab+ji0jIFH8xrxRJRm5cy6EnlnVOfa9J\nG2A9NENHiDI/GBklgYc9obqgBx4qAzGWsoTOwnDQiwx03c3KcQKCAQEA0QaAeDAM\niLKfSXsuTpN500Zy1ZgsjdFx0lv3jc57sxvDUh+1Z1y5ZFVj3eNMqfpbx41+049i\nRAibbG1vBxOeakkm+keh1VFXIV/nqJ6Yi+1jstg0aEPYu2F53Xizlyc5XkvD/kpM\nCrKBsuGWxohm9gDq9OeOzjaY34z+Kptamo0GKtVLP/GMRGN7pbvA8xCnwFY5ZuJI\n7VAxi4C9bJZuI0knzK0AEpF8bALHPcBaI1kl6X3O8nTzc0yE/yy3UzsozKgge75E\n7G/P005r65FIYs6qjFljXDkDg4q6bMUrKlc4NX+rMbwuJfv9s9cu91ynHssNNtIA\nTA61dvfnBxpfjwKCAQEA6eOdlrlFEwWMpdVGKWws/36Sa6azROsU2TkpPjmeAprO\nSv2Pd+rdOeyWfA79nx1UXmFCh1gm5WJFeVJH3sQ6PYZSyXjkAHF//OXVG/kTdkfC\nUc8Tgo8m0O9Wc0OHfmw7BqC8sNoFpwj7yneS1q98/263s4kXwP/xj6Z9AhkMC1FL\nnqg8v7rCNyZR2z8pWEWh8N0Q+OtFXi8+8lq/+gBCrUIjkci/r0k0xJniByIc5CUW\nK6740IF8vCjONerPHAbz1NXIgyWsMwDEkNkiPrS6GdGe65bTtiq39MyZe/Y8gNsO\nUmcQoxByhMPu+8WDcrriE5+znfPV41wfPDyBjZACiwKCAQEAwsjcTyP3iitqZH91\n16N2k3vC52i3nDDhcLZjKrKQc4gbrBwAYCH4YZdxSQTYHE5B2OPynBOx7tRWgeQ4\n4s9VgJZKzFCUbsUt/NvydR/V6A+AKNlxfPg8r+FWPxyLvv++ZjEUo5N46T8PvjKa\n3sedqwGP8kkWuvQF4czxzaKX/A4PATtitGPT4qcSQo+Ebv3GVWYEd+vHKd7hTK7b\n1qUYXal+fS16M9N/ruen49OsK+SXf87NWwPBGmDkTybMb7NhgdXq72WPtQU9Fhyu\nVQc9/VW5eLCT9wzqSVqt/059uycsKi6eyeoi1yLMeRq9maWt1vRBjCSGQloyoHrD\nv8rD4QKCAQADM4NXqceBQCUxq96e+IURJilY4do4SkNpybd/y4gXHwlNy3SoPoWy\nokNZBVeBUwRxmkEv2wwFPbgXtgGX0fW+G9WMPmRYgTUwP/EPxfP3PXoyZnQs6Equ\nt2fmgfkbyN1x9MdAYGuNYrkXh1VyLMq4MErBYVH66UXkInI5kiAxE3bGgCT8ttCr\nspGSP6YQODvEMTJnRckYRetFo+pWwKQo/OvBtg6xln3rZvPKBzSABuXrySRMrkkH\nxkM0R7d3+bxioF5zNRPLSupl1SL72rtlWRIkxVa2epUz+4zqPm+Lj/P9Or3mjXYT\nzR67QXPQITCw9hGeStUVnJAs4eMgDeWLAoIBAQDD5ModmPdIRSJzyJjNthMEF0vZ\nH/qYfpEGeHh8vE7c4+8SQGW9+e7vHVm50mWqFYwFQEn02dpw8Vxgpj9yc0TOoNyo\nHlidGn9pYINGWO2aDtooUd7tgpTccuaQsEdI8txhEJ1CaEwjecQdg6h3340UUPet\nmvpVWNaC1f8096j0f1sHTWZzFZv1amDgC54jJ51PMn3VVNm+9btqvGiVfLnsonhu\nOZrWq7XOjlwoLmjOk+AIiVyp7VrPqkzMIyrOnppLfgWFl3opl1WyxfGL1YKf/20Z\nLTPqS2DY7oopw+/8muQVr0WsB7MpP0+4ztbKsvEvGVMQWIelJHtOXSWsYwIw\n-----END RSA PRIVATE KEY-----\n",
            "content_base64": null,
            "directory_permission": "0777",
            "file_permission": "0777",
            "filename": "key-pair-01.pem",
            "id": "1b1db9f002e219f3bb128509b3741618e27adfba",
            "sensitive_content": null,
            "source": null
          },
          "sensitive_attributes": [
            [
              {
                "type": "get_attr",
                "value": "content"
              }
            ]
          ],
          "private": "bnVsbA==",
          "dependencies": [
            "tls_private_key.private_key"
          ]
        }
      ]
    },
    {
      "mode": "managed",
      "type": "tls_private_key",
      "name": "private_key",
      "provider": "provider[\"registry.terraform.io/hashicorp/tls\"]",
      "instances": [
        {
          "schema_version": 0,
          "attributes": {
            "algorithm": "RSA",
            "ecdsa_curve": "P224",
            "id": "2d0b3a1c9437e94807912cc551631ede5db5ba1d",
            "private_key_openssh": "-----BEGIN OPENSSH PRIVATE KEY-----\nb3BlbnNzaC1rZXktdjEAAAAABG5vbmUAAAAEbm9uZQAAAAAAAAABAAACFwAAAAdz\nc2gtcnNhAAAAAwEAAQAAAgEAvvjEXVwtGIsfKSlIyw3B15EiCdiORV05L/jWW7ll\nk8Ht7E/fqBumKihLq8pnHFjDCpCkW0uBPGDbAtPFr3XOBwdls7YnBRg30WtFmdE/\nLtKfg33wSgdXKUpz5xmTIvBgDCrQ/LvuOnwjY6LCHqp04tOdLGf0/BFpvKnwWhtk\nFwA/RAfWupC9zz9SRx5/IITTY9q4/wRWUc9YBbM8Hd1ROHu2VkpTDZxTFXjY/CKz\n+ds5+ZGwW1w0M9cZYJwRzkuuFXw2demHUqiMHi+mm0NGLrOY2RdhkAuhTxu2ev3+\nS9gSHmdTfdIHwfkwWHEQNJ8JmepLDwmxgWOsFMjmFe0B5BtmAVIk7JOuV3K6Ahk0\nnp8J4eKbOv8/rb6LiaSg0OwGFiN1b15FfJ206oNaXO2QM52S+L9DHqU5KW6DiS+7\nucdCAzBfO3FwtK96sHFjER1Y5c1v+fagxsQZ+Gh2nvkKO2c2bQYl2b94Aa92C2F8\nvtMU3UYn+YLglLgICjeRUiJUD9bx0hOJH6sPUg430URfS60qdRmIwhnPfhbvEnN+\nuOFLNDir1VLDx/ytiCRcwSDQfNl9y66Y4Km+lHoEkfLlCIoEVJpzPyAl3J9+3oOr\nnSEONpXULU2l0iZ18cEzjSxl1KhLU0FeCJTlhZhZK3AFdXSZFft/OhQWn5mZBZOB\nAKUAAAc4w+hGGMPoRhgAAAAHc3NoLXJzYQAAAgEAvvjEXVwtGIsfKSlIyw3B15Ei\nCdiORV05L/jWW7llk8Ht7E/fqBumKihLq8pnHFjDCpCkW0uBPGDbAtPFr3XOBwdl\ns7YnBRg30WtFmdE/LtKfg33wSgdXKUpz5xmTIvBgDCrQ/LvuOnwjY6LCHqp04tOd\nLGf0/BFpvKnwWhtkFwA/RAfWupC9zz9SRx5/IITTY9q4/wRWUc9YBbM8Hd1ROHu2\nVkpTDZxTFXjY/CKz+ds5+ZGwW1w0M9cZYJwRzkuuFXw2demHUqiMHi+mm0NGLrOY\n2RdhkAuhTxu2ev3+S9gSHmdTfdIHwfkwWHEQNJ8JmepLDwmxgWOsFMjmFe0B5Btm\nAVIk7JOuV3K6Ahk0np8J4eKbOv8/rb6LiaSg0OwGFiN1b15FfJ206oNaXO2QM52S\n+L9DHqU5KW6DiS+7ucdCAzBfO3FwtK96sHFjER1Y5c1v+fagxsQZ+Gh2nvkKO2c2\nbQYl2b94Aa92C2F8vtMU3UYn+YLglLgICjeRUiJUD9bx0hOJH6sPUg430URfS60q\ndRmIwhnPfhbvEnN+uOFLNDir1VLDx/ytiCRcwSDQfNl9y66Y4Km+lHoEkfLlCIoE\nVJpzPyAl3J9+3oOrnSEONpXULU2l0iZ18cEzjSxl1KhLU0FeCJTlhZhZK3AFdXSZ\nFft/OhQWn5mZBZOBAKUAAAADAQABAAACABVpZvrgvt2lm5TN4C+EF1vIFfzsnucA\nEM1kJQSbwNvUPozkV7tNfk/zvKhCRVVUTmn81bC2woK2iVfDzsJhfvwixDBmF/Hm\nSTvdvywD3gWt79yaXjquoAMtKdmbcHfWY655jn0HxSohiQY+1W0Cx6A3AcRc04b/\nnM9ebmhr8cjyaiWCi3zXhbCa9OqsbKyEt/7WIy/UmKkLil75PaBLlDO1CziZlL5N\n7LLXndyHN46oGdP1lcRojiHR2DKQzR5INfiKuMB3soh+BVfNF+0ImfHaiSSuDm5M\nH4XzIX6gw8ZVL5LhGudciSoiel0wMBT2T+lF76x79b8AIecir0l+DVwIXVuZyjER\n5DP0w/zxOjMeYAosvWIrl3jmE2KmBllkaX3+YhxBqM4E2io7OkP81NZIr8zWH76e\n5v4S94G4byhqkjj+SL0r+06AXWOE2Dk51cRHCtmLoULY6mDoaCmS81pU010AVFeg\n0qYvyDU4AFBZ0ZDE5i0SzNniWJLBMQvmJH1unL9Bgtyha2L1QwLSoUPrsEbGFEs2\nspsTsrJfhBSDbED7Vl0MplW8A5g5jkiIlkRUvpCl9syNqXD7/WfxFm9E3u1pv6OL\nSMgUfzGvFElGblzLoSeWdU59r0kbYD00Q0eIMj8YGSWBhz2huqAHHioDMZayhM7C\ncNCLDHTdzcpxAAABAQDD5ModmPdIRSJzyJjNthMEF0vZH/qYfpEGeHh8vE7c4+8S\nQGW9+e7vHVm50mWqFYwFQEn02dpw8Vxgpj9yc0TOoNyoHlidGn9pYINGWO2aDtoo\nUd7tgpTccuaQsEdI8txhEJ1CaEwjecQdg6h3340UUPetmvpVWNaC1f8096j0f1sH\nTWZzFZv1amDgC54jJ51PMn3VVNm+9btqvGiVfLnsonhuOZrWq7XOjlwoLmjOk+AI\niVyp7VrPqkzMIyrOnppLfgWFl3opl1WyxfGL1YKf/20ZLTPqS2DY7oopw+/8muQV\nr0WsB7MpP0+4ztbKsvEvGVMQWIelJHtOXSWsYwIwAAABAQDRBoB4MAyIsp9Jey5O\nk3nTRnLVmCyN0XHSW/eNznuzG8NSH7VnXLlkVWPd40yp+lvHjX7Tj2JECJtsbW8H\nE55qSSb6R6HVUVchX+eonpiL7WOy2DRoQ9i7YXndeLOXJzleS8P+SkwKsoGy4ZbG\niGb2AOr0547ONpjfjP4qm1qajQYq1Us/8YxEY3ulu8DzEKfAVjlm4kjtUDGLgL1s\nlm4jSSfMrQASkXxsAsc9wFojWSXpfc7ydPNzTIT/LLdTOyjMqCB7vkTsb8/TTmvr\nkUhizqqMWWNcOQODirpsxSsqVzg1f6sxvC4l+/2z1y73XKceyw020gBMDrV29+cH\nGl+PAAABAQDp452WuUUTBYyl1UYpbCz/fpJrprNE6xTZOSk+OZ4Cms5K/Y936t05\n7JZ8Dv2fHVReYUKHWCblYkV5UkfexDo9hlLJeOQAcX/85dUb+RN2R8JRzxOCjybQ\n71ZzQ4d+bDsGoLyw2gWnCPvKd5LWr3z/breziRfA//GPpn0CGQwLUUueqDy/usI3\nJlHbPylYRaHw3RD460VeLz7yWr/6AEKtQiORyL+vSTTEmeIHIhzkJRYrrvjQgXy8\nKM416s8cBvPU1ciDJawzAMSQ2SI+tLoZ0Z7rltO2Krf0zJl79jyA2w5SZxCjEHKE\nw+77xYNyuuITn7Od89XjXB88PIGNkAKLAAAAAAEC\n-----END OPENSSH PRIVATE KEY-----\n",
            "private_key_pem": "-----BEGIN RSA PRIVATE KEY-----\nMIIJKQIBAAKCAgEAvvjEXVwtGIsfKSlIyw3B15EiCdiORV05L/jWW7llk8Ht7E/f\nqBumKihLq8pnHFjDCpCkW0uBPGDbAtPFr3XOBwdls7YnBRg30WtFmdE/LtKfg33w\nSgdXKUpz5xmTIvBgDCrQ/LvuOnwjY6LCHqp04tOdLGf0/BFpvKnwWhtkFwA/RAfW\nupC9zz9SRx5/IITTY9q4/wRWUc9YBbM8Hd1ROHu2VkpTDZxTFXjY/CKz+ds5+ZGw\nW1w0M9cZYJwRzkuuFXw2demHUqiMHi+mm0NGLrOY2RdhkAuhTxu2ev3+S9gSHmdT\nfdIHwfkwWHEQNJ8JmepLDwmxgWOsFMjmFe0B5BtmAVIk7JOuV3K6Ahk0np8J4eKb\nOv8/rb6LiaSg0OwGFiN1b15FfJ206oNaXO2QM52S+L9DHqU5KW6DiS+7ucdCAzBf\nO3FwtK96sHFjER1Y5c1v+fagxsQZ+Gh2nvkKO2c2bQYl2b94Aa92C2F8vtMU3UYn\n+YLglLgICjeRUiJUD9bx0hOJH6sPUg430URfS60qdRmIwhnPfhbvEnN+uOFLNDir\n1VLDx/ytiCRcwSDQfNl9y66Y4Km+lHoEkfLlCIoEVJpzPyAl3J9+3oOrnSEONpXU\nLU2l0iZ18cEzjSxl1KhLU0FeCJTlhZhZK3AFdXSZFft/OhQWn5mZBZOBAKUCAwEA\nAQKCAgAVaWb64L7dpZuUzeAvhBdbyBX87J7nABDNZCUEm8Db1D6M5Fe7TX5P87yo\nQkVVVE5p/NWwtsKCtolXw87CYX78IsQwZhfx5kk73b8sA94Fre/cml46rqADLSnZ\nm3B31mOueY59B8UqIYkGPtVtAsegNwHEXNOG/5zPXm5oa/HI8molgot814WwmvTq\nrGyshLf+1iMv1JipC4pe+T2gS5QztQs4mZS+Teyy153chzeOqBnT9ZXEaI4h0dgy\nkM0eSDX4irjAd7KIfgVXzRftCJnx2okkrg5uTB+F8yF+oMPGVS+S4RrnXIkqInpd\nMDAU9k/pRe+se/W/ACHnIq9Jfg1cCF1bmcoxEeQz9MP88TozHmAKLL1iK5d45hNi\npgZZZGl9/mIcQajOBNoqOzpD/NTWSK/M1h++nub+EveBuG8oapI4/ki9K/tOgF1j\nhNg5OdXERwrZi6FC2Opg6GgpkvNaVNNdAFRXoNKmL8g1OABQWdGQxOYtEszZ4liS\nwTEL5iR9bpy/QYLcoWti9UMC0qFD67BGxhRLNrKbE7KyX4QUg2xA+1ZdDKZVvAOY\nOY5IiJZEVL6QpfbMjalw+/1n8RZvRN7tab+ji0jIFH8xrxRJRm5cy6EnlnVOfa9J\nG2A9NENHiDI/GBklgYc9obqgBx4qAzGWsoTOwnDQiwx03c3KcQKCAQEA0QaAeDAM\niLKfSXsuTpN500Zy1ZgsjdFx0lv3jc57sxvDUh+1Z1y5ZFVj3eNMqfpbx41+049i\nRAibbG1vBxOeakkm+keh1VFXIV/nqJ6Yi+1jstg0aEPYu2F53Xizlyc5XkvD/kpM\nCrKBsuGWxohm9gDq9OeOzjaY34z+Kptamo0GKtVLP/GMRGN7pbvA8xCnwFY5ZuJI\n7VAxi4C9bJZuI0knzK0AEpF8bALHPcBaI1kl6X3O8nTzc0yE/yy3UzsozKgge75E\n7G/P005r65FIYs6qjFljXDkDg4q6bMUrKlc4NX+rMbwuJfv9s9cu91ynHssNNtIA\nTA61dvfnBxpfjwKCAQEA6eOdlrlFEwWMpdVGKWws/36Sa6azROsU2TkpPjmeAprO\nSv2Pd+rdOeyWfA79nx1UXmFCh1gm5WJFeVJH3sQ6PYZSyXjkAHF//OXVG/kTdkfC\nUc8Tgo8m0O9Wc0OHfmw7BqC8sNoFpwj7yneS1q98/263s4kXwP/xj6Z9AhkMC1FL\nnqg8v7rCNyZR2z8pWEWh8N0Q+OtFXi8+8lq/+gBCrUIjkci/r0k0xJniByIc5CUW\nK6740IF8vCjONerPHAbz1NXIgyWsMwDEkNkiPrS6GdGe65bTtiq39MyZe/Y8gNsO\nUmcQoxByhMPu+8WDcrriE5+znfPV41wfPDyBjZACiwKCAQEAwsjcTyP3iitqZH91\n16N2k3vC52i3nDDhcLZjKrKQc4gbrBwAYCH4YZdxSQTYHE5B2OPynBOx7tRWgeQ4\n4s9VgJZKzFCUbsUt/NvydR/V6A+AKNlxfPg8r+FWPxyLvv++ZjEUo5N46T8PvjKa\n3sedqwGP8kkWuvQF4czxzaKX/A4PATtitGPT4qcSQo+Ebv3GVWYEd+vHKd7hTK7b\n1qUYXal+fS16M9N/ruen49OsK+SXf87NWwPBGmDkTybMb7NhgdXq72WPtQU9Fhyu\nVQc9/VW5eLCT9wzqSVqt/059uycsKi6eyeoi1yLMeRq9maWt1vRBjCSGQloyoHrD\nv8rD4QKCAQADM4NXqceBQCUxq96e+IURJilY4do4SkNpybd/y4gXHwlNy3SoPoWy\nokNZBVeBUwRxmkEv2wwFPbgXtgGX0fW+G9WMPmRYgTUwP/EPxfP3PXoyZnQs6Equ\nt2fmgfkbyN1x9MdAYGuNYrkXh1VyLMq4MErBYVH66UXkInI5kiAxE3bGgCT8ttCr\nspGSP6YQODvEMTJnRckYRetFo+pWwKQo/OvBtg6xln3rZvPKBzSABuXrySRMrkkH\nxkM0R7d3+bxioF5zNRPLSupl1SL72rtlWRIkxVa2epUz+4zqPm+Lj/P9Or3mjXYT\nzR67QXPQITCw9hGeStUVnJAs4eMgDeWLAoIBAQDD5ModmPdIRSJzyJjNthMEF0vZ\nH/qYfpEGeHh8vE7c4+8SQGW9+e7vHVm50mWqFYwFQEn02dpw8Vxgpj9yc0TOoNyo\nHlidGn9pYINGWO2aDtooUd7tgpTccuaQsEdI8txhEJ1CaEwjecQdg6h3340UUPet\nmvpVWNaC1f8096j0f1sHTWZzFZv1amDgC54jJ51PMn3VVNm+9btqvGiVfLnsonhu\nOZrWq7XOjlwoLmjOk+AIiVyp7VrPqkzMIyrOnppLfgWFl3opl1WyxfGL1YKf/20Z\nLTPqS2DY7oopw+/8muQVr0WsB7MpP0+4ztbKsvEvGVMQWIelJHtOXSWsYwIw\n-----END RSA PRIVATE KEY-----\n",
            "public_key_fingerprint_md5": "ed:b1:5e:bc:57:36:6a:a0:91:e5:8c:f9:1d:35:39:a0",
            "public_key_fingerprint_sha256": "SHA256:pvTspdViGr/AtamHPJS/wPUM25rjNAyWc3HkQyxvnbQ",
            "public_key_openssh": "ssh-rsa AAAAB3NzaC1yc2EAAAADAQABAAACAQC++MRdXC0Yix8pKUjLDcHXkSIJ2I5FXTkv+NZbuWWTwe3sT9+oG6YqKEurymccWMMKkKRbS4E8YNsC08Wvdc4HB2WzticFGDfRa0WZ0T8u0p+DffBKB1cpSnPnGZMi8GAMKtD8u+46fCNjosIeqnTi050sZ/T8EWm8qfBaG2QXAD9EB9a6kL3PP1JHHn8ghNNj2rj/BFZRz1gFszwd3VE4e7ZWSlMNnFMVeNj8IrP52zn5kbBbXDQz1xlgnBHOS64VfDZ16YdSqIweL6abQ0Yus5jZF2GQC6FPG7Z6/f5L2BIeZ1N90gfB+TBYcRA0nwmZ6ksPCbGBY6wUyOYV7QHkG2YBUiTsk65XcroCGTSenwnh4ps6/z+tvouJpKDQ7AYWI3VvXkV8nbTqg1pc7ZAznZL4v0MepTkpboOJL7u5x0IDMF87cXC0r3qwcWMRHVjlzW/59qDGxBn4aHae+Qo7ZzZtBiXZv3gBr3YLYXy+0xTdRif5guCUuAgKN5FSIlQP1vHSE4kfqw9SDjfRRF9LrSp1GYjCGc9+Fu8Sc3644Us0OKvVUsPH/K2IJFzBINB82X3Lrpjgqb6UegSR8uUIigRUmnM/ICXcn37eg6udIQ42ldQtTaXSJnXxwTONLGXUqEtTQV4IlOWFmFkrcAV1dJkV+386FBafmZkFk4EApQ==\n",
            "public_key_pem": "-----BEGIN PUBLIC KEY-----\nMIICIjANBgkqhkiG9w0BAQEFAAOCAg8AMIICCgKCAgEAvvjEXVwtGIsfKSlIyw3B\n15EiCdiORV05L/jWW7llk8Ht7E/fqBumKihLq8pnHFjDCpCkW0uBPGDbAtPFr3XO\nBwdls7YnBRg30WtFmdE/LtKfg33wSgdXKUpz5xmTIvBgDCrQ/LvuOnwjY6LCHqp0\n4tOdLGf0/BFpvKnwWhtkFwA/RAfWupC9zz9SRx5/IITTY9q4/wRWUc9YBbM8Hd1R\nOHu2VkpTDZxTFXjY/CKz+ds5+ZGwW1w0M9cZYJwRzkuuFXw2demHUqiMHi+mm0NG\nLrOY2RdhkAuhTxu2ev3+S9gSHmdTfdIHwfkwWHEQNJ8JmepLDwmxgWOsFMjmFe0B\n5BtmAVIk7JOuV3K6Ahk0np8J4eKbOv8/rb6LiaSg0OwGFiN1b15FfJ206oNaXO2Q\nM52S+L9DHqU5KW6DiS+7ucdCAzBfO3FwtK96sHFjER1Y5c1v+fagxsQZ+Gh2nvkK\nO2c2bQYl2b94Aa92C2F8vtMU3UYn+YLglLgICjeRUiJUD9bx0hOJH6sPUg430URf\nS60qdRmIwhnPfhbvEnN+uOFLNDir1VLDx/ytiCRcwSDQfNl9y66Y4Km+lHoEkfLl\nCIoEVJpzPyAl3J9+3oOrnSEONpXULU2l0iZ18cEzjSxl1KhLU0FeCJTlhZhZK3AF\ndXSZFft/OhQWn5mZBZOBAKUCAwEAAQ==\n-----END PUBLIC KEY-----\n",
            "rsa_bits": 4096
          },
          "sensitive_attributes": [],
          "private": "bnVsbA=="
        }
      ]
    }
  ]
}
